# THIS IS AN AUTOGENERATED FILE. DO NOT EDIT THIS FILE DIRECTLY.
# yarn lockfile v1


async-limiter@~1.0.0:
  version "1.0.0"
  resolved "https://registry.yarnpkg.com/async-limiter/-/async-limiter-1.0.0.tgz#78faed8c3d074ab81f22b4e985d79e8738f720f8"

backbone-events-standalone@^0.2.7:
  version "0.2.7"
  resolved "https://registry.yarnpkg.com/backbone-events-standalone/-/backbone-events-standalone-0.2.7.tgz#32437d9d11c5cef041034a59c49473b86f0ce196"

colors@1.2.3:
  version "1.2.3"
  resolved "https://registry.yarnpkg.com/colors/-/colors-1.2.3.tgz#1b152a9c4f6c9f74bc4bb96233ad0b7983b79744"

dateformat@3.0.3:
  version "3.0.3"
  resolved "https://registry.yarnpkg.com/dateformat/-/dateformat-3.0.3.tgz#a6e37499a4d9a9cf85ef5872044d62901c9889ae"

immediate@~3.0.5:
  version "3.0.6"
  resolved "https://registry.yarnpkg.com/immediate/-/immediate-3.0.6.tgz#9db1dbd0faf8de6fbe0f5dd5e56bb606280de69b"

lie@^3.2.0:
  version "3.3.0"
  resolved "https://registry.yarnpkg.com/lie/-/lie-3.3.0.tgz#dcf82dee545f46074daf200c7c1c5a08e0f40f6a"
  dependencies:
    immediate "~3.0.5"

lodash.assign@^4.2.0:
  version "4.2.0"
  resolved "https://registry.yarnpkg.com/lodash.assign/-/lodash.assign-4.2.0.tgz#0d99f3ccd7a6d261d19bdaeb9245005d285808e7"

lodash.get@^4.4.2:
  version "4.4.2"
  resolved "https://registry.yarnpkg.com/lodash.get/-/lodash.get-4.4.2.tgz#2d177f652fa31e939b4438d5341499dfa3825e99"

lodash.omit@^4.5.0:
  version "4.5.0"
  resolved "https://registry.yarnpkg.com/lodash.omit/-/lodash.omit-4.5.0.tgz#6eb19ae5a1ee1dd9df0b969e66ce0b7fa30b5e60"

minimist@0.0.8:
  version "0.0.8"
  resolved "https://registry.yarnpkg.com/minimist/-/minimist-0.0.8.tgz#857fcabfc3397d2625b8228262e86aa7a011b05d"

mkdirp@^0.5.1:
  version "0.5.1"
  resolved "https://registry.yarnpkg.com/mkdirp/-/mkdirp-0.5.1.tgz#30057438eac6cf7f8c4767f38648d6697d75c903"
  dependencies:
    minimist "0.0.8"

safe-buffer@~5.1.0:
  version "5.1.2"
  resolved "https://registry.yarnpkg.com/safe-buffer/-/safe-buffer-5.1.2.tgz#991ec69d296e0313747d59bdfd2b745c35f8828d"

scaledrone-node@^1.2.1:
  version "1.2.1"
  resolved "https://registry.yarnpkg.com/scaledrone-node/-/scaledrone-node-1.2.1.tgz#a86d473da4d7de83adaa677e56c057b1dc4cce7e"
  dependencies:
    backbone-events-standalone "^0.2.7"
    lie "^3.2.0"
    lodash.assign "^4.2.0"
    lodash.get "^4.4.2"
    lodash.omit "^4.5.0"
    ws "^3.3.2"

tinytim@0.1.1:
  version "0.1.1"
  resolved "https://registry.yarnpkg.com/tinytim/-/tinytim-0.1.1.tgz#c968a1e5559ad9553224ef7627bab34e3caef8a8"

tracer@^0.9.1:
  version "0.9.1"
  resolved "https://registry.yarnpkg.com/tracer/-/tracer-0.9.1.tgz#e24139b6d2ccc2eb3b0ef535354d77575be208c4"
  dependencies:
    colors "1.2.3"
    dateformat "3.0.3"
    mkdirp "^0.5.1"
    tinytim "0.1.1"

ultron@~1.1.0:
  version "1.1.1"
  resolved "https://registry.yarnpkg.com/ultron/-/ultron-1.1.1.tgz#9fe1536a10a664a65266a1e3ccf85fd36302bc9c"

ws@^3.3.2:
  version "3.3.3"
  resolved "https://registry.yarnpkg.com/ws/-/ws-3.3.3.tgz#f1cf84fe2d5e901ebce94efaece785f187a228f2"
  dependencies:
    async-limiter "~1.0.0"
    safe-buffer "~5.1.0"
    ultron "~1.1.0"
